// !$*UTF8*$!
{
	archiveVersion = 1;
	classes = {
	};
	objectVersion = 51;
	objects = {

/* Begin PBXBuildFile section */
		0B44C7BBA6A411A107829AAA /* Pods_Sneakerverse.framework in Frameworks */ = {isa = PBXBuildFile; fileRef = A3D0BA69ACB4796F9853E934 /* Pods_Sneakerverse.framework */; };
		B601D324256BD33A007B58CF /* OfferSneakerView.swift in Sources */ = {isa = PBXBuildFile; fileRef = B601D323256BD33A007B58CF /* OfferSneakerView.swift */; };
		B601D32B256BD9C4007B58CF /* SneakerDataPicker.swift in Sources */ = {isa = PBXBuildFile; fileRef = B601D32A256BD9C4007B58CF /* SneakerDataPicker.swift */; };
		B617A8B825C2D079005DA790 /* CalendarDetailView.swift in Sources */ = {isa = PBXBuildFile; fileRef = B617A8B725C2D079005DA790 /* CalendarDetailView.swift */; };
		B61C39ED256B1F8C0041C4CE /* HomeView.swift in Sources */ = {isa = PBXBuildFile; fileRef = B61C39EC256B1F8C0041C4CE /* HomeView.swift */; };
		B6292FEC2592935C0084B36B /* ErrorTypes.swift in Sources */ = {isa = PBXBuildFile; fileRef = B6292FEB2592935C0084B36B /* ErrorTypes.swift */; };
		B62CFED925C4186B00AC7A41 /* CreateRatingView.swift in Sources */ = {isa = PBXBuildFile; fileRef = B62CFED825C4186B00AC7A41 /* CreateRatingView.swift */; };
		B62CFEDC25C425C200AC7A41 /* CreateRatingViewModel.swift in Sources */ = {isa = PBXBuildFile; fileRef = B62CFEDB25C425C200AC7A41 /* CreateRatingViewModel.swift */; };
		B6463244257FB6A9004E5AE3 /* API.swift in Sources */ = {isa = PBXBuildFile; fileRef = B6463243257FB6A9004E5AE3 /* API.swift */; };
		B646324A257FB980004E5AE3 /* DESIGN.swift in Sources */ = {isa = PBXBuildFile; fileRef = B6463249257FB980004E5AE3 /* DESIGN.swift */; };
		B64A325D2593D97A00FA7A1C /* ChatMessageView.swift in Sources */ = {isa = PBXBuildFile; fileRef = B64A325C2593D97A00FA7A1C /* ChatMessageView.swift */; };
		B64A32612593DBB100FA7A1C /* UserMessageView.swift in Sources */ = {isa = PBXBuildFile; fileRef = B64A32602593DBB100FA7A1C /* UserMessageView.swift */; };
		B64A32642593E26C00FA7A1C /* ChatViewModel.swift in Sources */ = {isa = PBXBuildFile; fileRef = B64A32632593E26C00FA7A1C /* ChatViewModel.swift */; };
		B64A32672593EBA700FA7A1C /* ChatService.swift in Sources */ = {isa = PBXBuildFile; fileRef = B64A32662593EBA700FA7A1C /* ChatService.swift */; };
		B64A326A2593EC5100FA7A1C /* ChatListResponse.swift in Sources */ = {isa = PBXBuildFile; fileRef = B64A32692593EC5100FA7A1C /* ChatListResponse.swift */; };
		B64A326D2593F73800FA7A1C /* ChatRow.swift in Sources */ = {isa = PBXBuildFile; fileRef = B64A326C2593F73800FA7A1C /* ChatRow.swift */; };
		B64A32702593F98900FA7A1C /* ChatListView.swift in Sources */ = {isa = PBXBuildFile; fileRef = B64A326F2593F98900FA7A1C /* ChatListView.swift */; };
		B64A32732593FB7300FA7A1C /* ChatListViewModel.swift in Sources */ = {isa = PBXBuildFile; fileRef = B64A32722593FB7300FA7A1C /* ChatListViewModel.swift */; };
		B668B70725BF101B007FFF18 /* CalendarView.swift in Sources */ = {isa = PBXBuildFile; fileRef = B668B70625BF101B007FFF18 /* CalendarView.swift */; };
		B668B70A25BF102D007FFF18 /* CalendarViewModel.swift in Sources */ = {isa = PBXBuildFile; fileRef = B668B70925BF102D007FFF18 /* CalendarViewModel.swift */; };
		B668B70E25BF1799007FFF18 /* SneakerPreview.swift in Sources */ = {isa = PBXBuildFile; fileRef = B668B70D25BF1799007FFF18 /* SneakerPreview.swift */; };
		B668B71225BF1A55007FFF18 /* CalendarRow.swift in Sources */ = {isa = PBXBuildFile; fileRef = B668B71125BF1A55007FFF18 /* CalendarRow.swift */; };
		B67E36C32591613000C8E34D /* ComponentTypes.swift in Sources */ = {isa = PBXBuildFile; fileRef = B67E36C22591613000C8E34D /* ComponentTypes.swift */; };
		B67FE1BA25C01E4D00692248 /* CalendarResponse.swift in Sources */ = {isa = PBXBuildFile; fileRef = B67FE1B925C01E4D00692248 /* CalendarResponse.swift */; };
		B6834E5C2566C72100EE1C58 /* SneakerverseApp.swift in Sources */ = {isa = PBXBuildFile; fileRef = B6834E5B2566C72100EE1C58 /* SneakerverseApp.swift */; };
		B6834E5E2566C72100EE1C58 /* ContentView.swift in Sources */ = {isa = PBXBuildFile; fileRef = B6834E5D2566C72100EE1C58 /* ContentView.swift */; };
		B6834E602566C72500EE1C58 /* Assets.xcassets in Resources */ = {isa = PBXBuildFile; fileRef = B6834E5F2566C72500EE1C58 /* Assets.xcassets */; };
		B6834E632566C72500EE1C58 /* Preview Assets.xcassets in Resources */ = {isa = PBXBuildFile; fileRef = B6834E622566C72500EE1C58 /* Preview Assets.xcassets */; };
		B6834E702566C84500EE1C58 /* LoginView.swift in Sources */ = {isa = PBXBuildFile; fileRef = B6834E6F2566C84500EE1C58 /* LoginView.swift */; };
		B6834E732566C98E00EE1C58 /* LoginViewModel.swift in Sources */ = {isa = PBXBuildFile; fileRef = B6834E722566C98E00EE1C58 /* LoginViewModel.swift */; };
		B6834E772566C9C700EE1C58 /* User.swift in Sources */ = {isa = PBXBuildFile; fileRef = B6834E762566C9C700EE1C58 /* User.swift */; };
		B68F8679256FABB100793819 /* OfferSneakerViewModel.swift in Sources */ = {isa = PBXBuildFile; fileRef = B68F8678256FABB100793819 /* OfferSneakerViewModel.swift */; };
		B68F8683256FF98E00793819 /* SneakerService.swift in Sources */ = {isa = PBXBuildFile; fileRef = B68F8682256FF98E00793819 /* SneakerService.swift */; };
		B68FD98325C14F6400901451 /* CalendarService.swift in Sources */ = {isa = PBXBuildFile; fileRef = B68FD98225C14F6400901451 /* CalendarService.swift */; };
		B697AD7D25817B6D00947710 /* PopUpView.swift in Sources */ = {isa = PBXBuildFile; fileRef = B697AD7C25817B6D00947710 /* PopUpView.swift */; };
		B69E7D5825B0F5BA0083C27E /* SneakerOffer.swift in Sources */ = {isa = PBXBuildFile; fileRef = B69E7D5725B0F5BA0083C27E /* SneakerOffer.swift */; };
		B6A6725025A6FEF200A72A13 /* ImagePreview.swift in Sources */ = {isa = PBXBuildFile; fileRef = B6A6724F25A6FEF200A72A13 /* ImagePreview.swift */; };
		B6A6725325A7002C00A72A13 /* CustomImagePicker.swift in Sources */ = {isa = PBXBuildFile; fileRef = B6A6725225A7002C00A72A13 /* CustomImagePicker.swift */; };
		B6B736AB2593930200E5DF18 /* ChatView.swift in Sources */ = {isa = PBXBuildFile; fileRef = B6B736AA2593930200E5DF18 /* ChatView.swift */; };
		B6CBEBBA25AA7608006BB753 /* ProfileView.swift in Sources */ = {isa = PBXBuildFile; fileRef = B6CBEBB925AA7608006BB753 /* ProfileView.swift */; };
		B6CBEBBE25AA7625006BB753 /* ProfileViewModel.swift in Sources */ = {isa = PBXBuildFile; fileRef = B6CBEBBD25AA7625006BB753 /* ProfileViewModel.swift */; };
		B6CBEBC125AA766C006BB753 /* ProfileService.swift in Sources */ = {isa = PBXBuildFile; fileRef = B6CBEBC025AA766C006BB753 /* ProfileService.swift */; };
		B6CBEBC425AA769A006BB753 /* ProfileResponse.swift in Sources */ = {isa = PBXBuildFile; fileRef = B6CBEBC325AA769A006BB753 /* ProfileResponse.swift */; };
		B6CFA58B25AF72D800DD767D /* RatingBar.swift in Sources */ = {isa = PBXBuildFile; fileRef = B6CFA58A25AF72D800DD767D /* RatingBar.swift */; };
		B6CFA59025AF825C00DD767D /* RatingView.swift in Sources */ = {isa = PBXBuildFile; fileRef = B6CFA58F25AF825C00DD767D /* RatingView.swift */; };
		B6D9F066259E1EE7002FA5DB /* HomeViewModel.swift in Sources */ = {isa = PBXBuildFile; fileRef = B6D9F065259E1EE7002FA5DB /* HomeViewModel.swift */; };
		B6DCABE125B0466C0075C5D2 /* ProfileDetailView.swift in Sources */ = {isa = PBXBuildFile; fileRef = B6DCABE025B0466C0075C5D2 /* ProfileDetailView.swift */; };
		B6DCABE425B04BE80075C5D2 /* UserRating.swift in Sources */ = {isa = PBXBuildFile; fileRef = B6DCABE325B04BE80075C5D2 /* UserRating.swift */; };
		B6F8505E25A6582700131AFC /* ImageSilder.swift in Sources */ = {isa = PBXBuildFile; fileRef = B6F8505D25A6582600131AFC /* ImageSilder.swift */; };
		DF183B06256984A7006DE246 /* UserService.swift in Sources */ = {isa = PBXBuildFile; fileRef = DF183B05256984A7006DE246 /* UserService.swift */; };
		DF183B0E256AE8ED006DE246 /* Response.swift in Sources */ = {isa = PBXBuildFile; fileRef = DF183B0D256AE8ED006DE246 /* Response.swift */; };
		DF48D52925A7D21A00116688 /* DetailGallerySlideView.swift in Sources */ = {isa = PBXBuildFile; fileRef = DF48D52825A7D21A00116688 /* DetailGallerySlideView.swift */; };
		DF5F94442566DCC700CF7C52 /* ViewObjects.swift in Sources */ = {isa = PBXBuildFile; fileRef = DF5F94432566DCC700CF7C52 /* ViewObjects.swift */; };
		DF5F94482566E0E800CF7C52 /* SignUpView.swift in Sources */ = {isa = PBXBuildFile; fileRef = DF5F94472566E0E800CF7C52 /* SignUpView.swift */; };
		DF5F944B2566E1EF00CF7C52 /* OnboardingView.swift in Sources */ = {isa = PBXBuildFile; fileRef = DF5F944A2566E1EF00CF7C52 /* OnboardingView.swift */; };
		DF5F944E2567345900CF7C52 /* SignUpViewModel.swift in Sources */ = {isa = PBXBuildFile; fileRef = DF5F944D2567345900CF7C52 /* SignUpViewModel.swift */; };
		DF5F94542567354200CF7C52 /* OnboardingGallery.swift in Sources */ = {isa = PBXBuildFile; fileRef = DF5F94532567354200CF7C52 /* OnboardingGallery.swift */; };
		DF61AD6525A9A95600F198B8 /* OfferMapView.swift in Sources */ = {isa = PBXBuildFile; fileRef = DF61AD6425A9A95600F198B8 /* OfferMapView.swift */; };
		DF61AD6925A9AAC900F198B8 /* MapView.swift in Sources */ = {isa = PBXBuildFile; fileRef = DF61AD6825A9AAC900F198B8 /* MapView.swift */; };
		DF61AD6D25A9ABB800F198B8 /* MapCoordinator.swift in Sources */ = {isa = PBXBuildFile; fileRef = DF61AD6C25A9ABB800F198B8 /* MapCoordinator.swift */; };
		DF61AD7025A9BAD900F198B8 /* LocationManager.swift in Sources */ = {isa = PBXBuildFile; fileRef = DF61AD6F25A9BAD900F198B8 /* LocationManager.swift */; };
		DF61AD7325A9C66A00F198B8 /* MkCoordinateRegionExtension.swift in Sources */ = {isa = PBXBuildFile; fileRef = DF61AD7225A9C66A00F198B8 /* MkCoordinateRegionExtension.swift */; };
		DF61AD7725AA37B500F198B8 /* DetailsMapView.swift in Sources */ = {isa = PBXBuildFile; fileRef = DF61AD7625AA37B500F198B8 /* DetailsMapView.swift */; };
		DFAFF08F25818A7900FAEC0B /* DealsOverviewListItemView.swift in Sources */ = {isa = PBXBuildFile; fileRef = DFAFF08B25818A7900FAEC0B /* DealsOverviewListItemView.swift */; };
		DFAFF09025818A7900FAEC0B /* DealsOverviewListItemViewModel.swift in Sources */ = {isa = PBXBuildFile; fileRef = DFAFF08C25818A7900FAEC0B /* DealsOverviewListItemViewModel.swift */; };
		DFAFF09125818A7900FAEC0B /* DealsOverviewView.swift in Sources */ = {isa = PBXBuildFile; fileRef = DFAFF08D25818A7900FAEC0B /* DealsOverviewView.swift */; };
		DFAFF09225818A7900FAEC0B /* DealsOverviewViewModel.swift in Sources */ = {isa = PBXBuildFile; fileRef = DFAFF08E25818A7900FAEC0B /* DealsOverviewViewModel.swift */; };
		DFB91BDF25A64CA20000EB07 /* SneakerDealsResponse.swift in Sources */ = {isa = PBXBuildFile; fileRef = DFB91BDE25A64CA20000EB07 /* SneakerDealsResponse.swift */; };
		DFEEC29B25B9FA8C00B70AF3 /* StartChatResponse.swift in Sources */ = {isa = PBXBuildFile; fileRef = DFEEC29A25B9FA8C00B70AF3 /* StartChatResponse.swift */; };
		DFFD990625A7889800D1C68F /* SneakerOfferDetailViewModel.swift in Sources */ = {isa = PBXBuildFile; fileRef = DFFD990525A7889800D1C68F /* SneakerOfferDetailViewModel.swift */; };
		DFFD990A25A788AC00D1C68F /* SneakerOfferDetailView.swift in Sources */ = {isa = PBXBuildFile; fileRef = DFFD990925A788AC00D1C68F /* SneakerOfferDetailView.swift */; };
/* End PBXBuildFile section */

/* Begin PBXFileReference section */
		5A76635A0F0DD84DF206A404 /* Pods-Sneakerverse.release.xcconfig */ = {isa = PBXFileReference; includeInIndex = 1; lastKnownFileType = text.xcconfig; name = "Pods-Sneakerverse.release.xcconfig"; path = "Target Support Files/Pods-Sneakerverse/Pods-Sneakerverse.release.xcconfig"; sourceTree = "<group>"; };
		A3D0BA69ACB4796F9853E934 /* Pods_Sneakerverse.framework */ = {isa = PBXFileReference; explicitFileType = wrapper.framework; includeInIndex = 0; path = Pods_Sneakerverse.framework; sourceTree = BUILT_PRODUCTS_DIR; };
		B601D323256BD33A007B58CF /* OfferSneakerView.swift */ = {isa = PBXFileReference; lastKnownFileType = sourcecode.swift; path = OfferSneakerView.swift; sourceTree = "<group>"; };
		B601D32A256BD9C4007B58CF /* SneakerDataPicker.swift */ = {isa = PBXFileReference; lastKnownFileType = sourcecode.swift; path = SneakerDataPicker.swift; sourceTree = "<group>"; };
		B617A8B725C2D079005DA790 /* CalendarDetailView.swift */ = {isa = PBXFileReference; lastKnownFileType = sourcecode.swift; path = CalendarDetailView.swift; sourceTree = "<group>"; };
		B61C39EC256B1F8C0041C4CE /* HomeView.swift */ = {isa = PBXFileReference; lastKnownFileType = sourcecode.swift; path = HomeView.swift; sourceTree = "<group>"; };
		B6292FEB2592935C0084B36B /* ErrorTypes.swift */ = {isa = PBXFileReference; lastKnownFileType = sourcecode.swift; path = ErrorTypes.swift; sourceTree = "<group>"; };
		B62CFED825C4186B00AC7A41 /* CreateRatingView.swift */ = {isa = PBXFileReference; lastKnownFileType = sourcecode.swift; path = CreateRatingView.swift; sourceTree = "<group>"; };
		B62CFEDB25C425C200AC7A41 /* CreateRatingViewModel.swift */ = {isa = PBXFileReference; lastKnownFileType = sourcecode.swift; path = CreateRatingViewModel.swift; sourceTree = "<group>"; };
		B6463243257FB6A9004E5AE3 /* API.swift */ = {isa = PBXFileReference; lastKnownFileType = sourcecode.swift; path = API.swift; sourceTree = "<group>"; };
		B6463249257FB980004E5AE3 /* DESIGN.swift */ = {isa = PBXFileReference; lastKnownFileType = sourcecode.swift; path = DESIGN.swift; sourceTree = "<group>"; };
		B64A325C2593D97A00FA7A1C /* ChatMessageView.swift */ = {isa = PBXFileReference; lastKnownFileType = sourcecode.swift; path = ChatMessageView.swift; sourceTree = "<group>"; };
		B64A32602593DBB100FA7A1C /* UserMessageView.swift */ = {isa = PBXFileReference; lastKnownFileType = sourcecode.swift; path = UserMessageView.swift; sourceTree = "<group>"; };
		B64A32632593E26C00FA7A1C /* ChatViewModel.swift */ = {isa = PBXFileReference; lastKnownFileType = sourcecode.swift; path = ChatViewModel.swift; sourceTree = "<group>"; };
		B64A32662593EBA700FA7A1C /* ChatService.swift */ = {isa = PBXFileReference; lastKnownFileType = sourcecode.swift; path = ChatService.swift; sourceTree = "<group>"; };
		B64A32692593EC5100FA7A1C /* ChatListResponse.swift */ = {isa = PBXFileReference; lastKnownFileType = sourcecode.swift; path = ChatListResponse.swift; sourceTree = "<group>"; };
		B64A326C2593F73800FA7A1C /* ChatRow.swift */ = {isa = PBXFileReference; lastKnownFileType = sourcecode.swift; path = ChatRow.swift; sourceTree = "<group>"; };
		B64A326F2593F98900FA7A1C /* ChatListView.swift */ = {isa = PBXFileReference; lastKnownFileType = sourcecode.swift; path = ChatListView.swift; sourceTree = "<group>"; };
		B64A32722593FB7300FA7A1C /* ChatListViewModel.swift */ = {isa = PBXFileReference; lastKnownFileType = sourcecode.swift; path = ChatListViewModel.swift; sourceTree = "<group>"; };
		B668B70625BF101B007FFF18 /* CalendarView.swift */ = {isa = PBXFileReference; lastKnownFileType = sourcecode.swift; path = CalendarView.swift; sourceTree = "<group>"; };
		B668B70925BF102D007FFF18 /* CalendarViewModel.swift */ = {isa = PBXFileReference; lastKnownFileType = sourcecode.swift; path = CalendarViewModel.swift; sourceTree = "<group>"; };
		B668B70D25BF1799007FFF18 /* SneakerPreview.swift */ = {isa = PBXFileReference; lastKnownFileType = sourcecode.swift; path = SneakerPreview.swift; sourceTree = "<group>"; };
		B668B71125BF1A55007FFF18 /* CalendarRow.swift */ = {isa = PBXFileReference; lastKnownFileType = sourcecode.swift; path = CalendarRow.swift; sourceTree = "<group>"; };
		B67E36C22591613000C8E34D /* ComponentTypes.swift */ = {isa = PBXFileReference; lastKnownFileType = sourcecode.swift; path = ComponentTypes.swift; sourceTree = "<group>"; };
		B67FE1B925C01E4D00692248 /* CalendarResponse.swift */ = {isa = PBXFileReference; lastKnownFileType = sourcecode.swift; path = CalendarResponse.swift; sourceTree = "<group>"; };
		B6834E582566C72100EE1C58 /* Sneakerverse.app */ = {isa = PBXFileReference; explicitFileType = wrapper.application; includeInIndex = 0; path = Sneakerverse.app; sourceTree = BUILT_PRODUCTS_DIR; };
		B6834E5B2566C72100EE1C58 /* SneakerverseApp.swift */ = {isa = PBXFileReference; lastKnownFileType = sourcecode.swift; path = SneakerverseApp.swift; sourceTree = "<group>"; };
		B6834E5D2566C72100EE1C58 /* ContentView.swift */ = {isa = PBXFileReference; lastKnownFileType = sourcecode.swift; path = ContentView.swift; sourceTree = "<group>"; };
		B6834E5F2566C72500EE1C58 /* Assets.xcassets */ = {isa = PBXFileReference; lastKnownFileType = folder.assetcatalog; path = Assets.xcassets; sourceTree = "<group>"; };
		B6834E622566C72500EE1C58 /* Preview Assets.xcassets */ = {isa = PBXFileReference; lastKnownFileType = folder.assetcatalog; path = "Preview Assets.xcassets"; sourceTree = "<group>"; };
		B6834E642566C72500EE1C58 /* Info.plist */ = {isa = PBXFileReference; lastKnownFileType = text.plist.xml; path = Info.plist; sourceTree = "<group>"; };
		B6834E6F2566C84500EE1C58 /* LoginView.swift */ = {isa = PBXFileReference; lastKnownFileType = sourcecode.swift; path = LoginView.swift; sourceTree = "<group>"; };
		B6834E722566C98E00EE1C58 /* LoginViewModel.swift */ = {isa = PBXFileReference; lastKnownFileType = sourcecode.swift; path = LoginViewModel.swift; sourceTree = "<group>"; };
		B6834E762566C9C700EE1C58 /* User.swift */ = {isa = PBXFileReference; lastKnownFileType = sourcecode.swift; path = User.swift; sourceTree = "<group>"; };
		B68F8678256FABB100793819 /* OfferSneakerViewModel.swift */ = {isa = PBXFileReference; lastKnownFileType = sourcecode.swift; path = OfferSneakerViewModel.swift; sourceTree = "<group>"; };
		B68F8682256FF98E00793819 /* SneakerService.swift */ = {isa = PBXFileReference; lastKnownFileType = sourcecode.swift; path = SneakerService.swift; sourceTree = "<group>"; };
		B68FD98225C14F6400901451 /* CalendarService.swift */ = {isa = PBXFileReference; lastKnownFileType = sourcecode.swift; path = CalendarService.swift; sourceTree = "<group>"; };
		B697AD7C25817B6D00947710 /* PopUpView.swift */ = {isa = PBXFileReference; lastKnownFileType = sourcecode.swift; path = PopUpView.swift; sourceTree = "<group>"; };
		B69E7D5725B0F5BA0083C27E /* SneakerOffer.swift */ = {isa = PBXFileReference; lastKnownFileType = sourcecode.swift; path = SneakerOffer.swift; sourceTree = "<group>"; };
		B6A6724F25A6FEF200A72A13 /* ImagePreview.swift */ = {isa = PBXFileReference; lastKnownFileType = sourcecode.swift; path = ImagePreview.swift; sourceTree = "<group>"; };
		B6A6725225A7002C00A72A13 /* CustomImagePicker.swift */ = {isa = PBXFileReference; lastKnownFileType = sourcecode.swift; path = CustomImagePicker.swift; sourceTree = "<group>"; };
		B6B736AA2593930200E5DF18 /* ChatView.swift */ = {isa = PBXFileReference; lastKnownFileType = sourcecode.swift; path = ChatView.swift; sourceTree = "<group>"; };
		B6CBEBB925AA7608006BB753 /* ProfileView.swift */ = {isa = PBXFileReference; lastKnownFileType = sourcecode.swift; path = ProfileView.swift; sourceTree = "<group>"; };
		B6CBEBBD25AA7625006BB753 /* ProfileViewModel.swift */ = {isa = PBXFileReference; lastKnownFileType = sourcecode.swift; path = ProfileViewModel.swift; sourceTree = "<group>"; };
		B6CBEBC025AA766C006BB753 /* ProfileService.swift */ = {isa = PBXFileReference; lastKnownFileType = sourcecode.swift; path = ProfileService.swift; sourceTree = "<group>"; };
		B6CBEBC325AA769A006BB753 /* ProfileResponse.swift */ = {isa = PBXFileReference; lastKnownFileType = sourcecode.swift; path = ProfileResponse.swift; sourceTree = "<group>"; };
		B6CFA58A25AF72D800DD767D /* RatingBar.swift */ = {isa = PBXFileReference; lastKnownFileType = sourcecode.swift; path = RatingBar.swift; sourceTree = "<group>"; };
		B6CFA58F25AF825C00DD767D /* RatingView.swift */ = {isa = PBXFileReference; lastKnownFileType = sourcecode.swift; path = RatingView.swift; sourceTree = "<group>"; };
		B6D9F065259E1EE7002FA5DB /* HomeViewModel.swift */ = {isa = PBXFileReference; lastKnownFileType = sourcecode.swift; path = HomeViewModel.swift; sourceTree = "<group>"; };
		B6DCABE025B0466C0075C5D2 /* ProfileDetailView.swift */ = {isa = PBXFileReference; lastKnownFileType = sourcecode.swift; path = ProfileDetailView.swift; sourceTree = "<group>"; };
		B6DCABE325B04BE80075C5D2 /* UserRating.swift */ = {isa = PBXFileReference; lastKnownFileType = sourcecode.swift; path = UserRating.swift; sourceTree = "<group>"; };
		B6F8505D25A6582600131AFC /* ImageSilder.swift */ = {isa = PBXFileReference; lastKnownFileType = sourcecode.swift; path = ImageSilder.swift; sourceTree = "<group>"; };
		DC0DFD48700A6F9E44AD4636 /* Pods-Sneakerverse.debug.xcconfig */ = {isa = PBXFileReference; includeInIndex = 1; lastKnownFileType = text.xcconfig; name = "Pods-Sneakerverse.debug.xcconfig"; path = "Target Support Files/Pods-Sneakerverse/Pods-Sneakerverse.debug.xcconfig"; sourceTree = "<group>"; };
		DF183B05256984A7006DE246 /* UserService.swift */ = {isa = PBXFileReference; lastKnownFileType = sourcecode.swift; path = UserService.swift; sourceTree = "<group>"; };
		DF183B0D256AE8ED006DE246 /* Response.swift */ = {isa = PBXFileReference; lastKnownFileType = sourcecode.swift; path = Response.swift; sourceTree = "<group>"; };
		DF48D52825A7D21A00116688 /* DetailGallerySlideView.swift */ = {isa = PBXFileReference; lastKnownFileType = sourcecode.swift; path = DetailGallerySlideView.swift; sourceTree = "<group>"; };
		DF5F94432566DCC700CF7C52 /* ViewObjects.swift */ = {isa = PBXFileReference; lastKnownFileType = sourcecode.swift; path = ViewObjects.swift; sourceTree = "<group>"; };
		DF5F94472566E0E800CF7C52 /* SignUpView.swift */ = {isa = PBXFileReference; lastKnownFileType = sourcecode.swift; path = SignUpView.swift; sourceTree = "<group>"; };
		DF5F944A2566E1EF00CF7C52 /* OnboardingView.swift */ = {isa = PBXFileReference; lastKnownFileType = sourcecode.swift; path = OnboardingView.swift; sourceTree = "<group>"; };
		DF5F944D2567345900CF7C52 /* SignUpViewModel.swift */ = {isa = PBXFileReference; lastKnownFileType = sourcecode.swift; path = SignUpViewModel.swift; sourceTree = "<group>"; };
		DF5F94532567354200CF7C52 /* OnboardingGallery.swift */ = {isa = PBXFileReference; lastKnownFileType = sourcecode.swift; path = OnboardingGallery.swift; sourceTree = "<group>"; };
		DF61AD6425A9A95600F198B8 /* OfferMapView.swift */ = {isa = PBXFileReference; lastKnownFileType = sourcecode.swift; path = OfferMapView.swift; sourceTree = "<group>"; };
		DF61AD6825A9AAC900F198B8 /* MapView.swift */ = {isa = PBXFileReference; lastKnownFileType = sourcecode.swift; path = MapView.swift; sourceTree = "<group>"; };
		DF61AD6C25A9ABB800F198B8 /* MapCoordinator.swift */ = {isa = PBXFileReference; lastKnownFileType = sourcecode.swift; path = MapCoordinator.swift; sourceTree = "<group>"; };
		DF61AD6F25A9BAD900F198B8 /* LocationManager.swift */ = {isa = PBXFileReference; lastKnownFileType = sourcecode.swift; path = LocationManager.swift; sourceTree = "<group>"; };
		DF61AD7225A9C66A00F198B8 /* MkCoordinateRegionExtension.swift */ = {isa = PBXFileReference; lastKnownFileType = sourcecode.swift; path = MkCoordinateRegionExtension.swift; sourceTree = "<group>"; };
		DF61AD7625AA37B500F198B8 /* DetailsMapView.swift */ = {isa = PBXFileReference; lastKnownFileType = sourcecode.swift; path = DetailsMapView.swift; sourceTree = "<group>"; };
		DFAFF08B25818A7900FAEC0B /* DealsOverviewListItemView.swift */ = {isa = PBXFileReference; fileEncoding = 4; lastKnownFileType = sourcecode.swift; path = DealsOverviewListItemView.swift; sourceTree = "<group>"; };
		DFAFF08C25818A7900FAEC0B /* DealsOverviewListItemViewModel.swift */ = {isa = PBXFileReference; fileEncoding = 4; lastKnownFileType = sourcecode.swift; path = DealsOverviewListItemViewModel.swift; sourceTree = "<group>"; };
		DFAFF08D25818A7900FAEC0B /* DealsOverviewView.swift */ = {isa = PBXFileReference; fileEncoding = 4; lastKnownFileType = sourcecode.swift; path = DealsOverviewView.swift; sourceTree = "<group>"; };
		DFAFF08E25818A7900FAEC0B /* DealsOverviewViewModel.swift */ = {isa = PBXFileReference; fileEncoding = 4; lastKnownFileType = sourcecode.swift; path = DealsOverviewViewModel.swift; sourceTree = "<group>"; };
		DFB91BDE25A64CA20000EB07 /* SneakerDealsResponse.swift */ = {isa = PBXFileReference; lastKnownFileType = sourcecode.swift; path = SneakerDealsResponse.swift; sourceTree = "<group>"; };
		DFEEC29A25B9FA8C00B70AF3 /* StartChatResponse.swift */ = {isa = PBXFileReference; lastKnownFileType = sourcecode.swift; path = StartChatResponse.swift; sourceTree = "<group>"; };
		DFFD990525A7889800D1C68F /* SneakerOfferDetailViewModel.swift */ = {isa = PBXFileReference; lastKnownFileType = sourcecode.swift; path = SneakerOfferDetailViewModel.swift; sourceTree = "<group>"; };
		DFFD990925A788AC00D1C68F /* SneakerOfferDetailView.swift */ = {isa = PBXFileReference; lastKnownFileType = sourcecode.swift; path = SneakerOfferDetailView.swift; sourceTree = "<group>"; };
/* End PBXFileReference section */

/* Begin PBXFrameworksBuildPhase section */
		B6834E552566C72100EE1C58 /* Frameworks */ = {
			isa = PBXFrameworksBuildPhase;
			buildActionMask = 2147483647;
			files = (
				0B44C7BBA6A411A107829AAA /* Pods_Sneakerverse.framework in Frameworks */,
			);
			runOnlyForDeploymentPostprocessing = 0;
		};
/* End PBXFrameworksBuildPhase section */

/* Begin PBXGroup section */
		62A8125104400E15D9CE2E24 /* Pods */ = {
			isa = PBXGroup;
			children = (
				DC0DFD48700A6F9E44AD4636 /* Pods-Sneakerverse.debug.xcconfig */,
				5A76635A0F0DD84DF206A404 /* Pods-Sneakerverse.release.xcconfig */,
			);
			path = Pods;
			sourceTree = "<group>";
		};
		B601D322256BD2FC007B58CF /* offerSneaker */ = {
			isa = PBXGroup;
			children = (
				B6F8505C25A656DF00131AFC /* offerComponents */,
				B601D323256BD33A007B58CF /* OfferSneakerView.swift */,
				B68F8678256FABB100793819 /* OfferSneakerViewModel.swift */,
			);
			path = offerSneaker;
			sourceTree = "<group>";
		};
		B61C39EB256B1F710041C4CE /* home */ = {
			isa = PBXGroup;
			children = (
				B61C39EC256B1F8C0041C4CE /* HomeView.swift */,
				B6D9F065259E1EE7002FA5DB /* HomeViewModel.swift */,
			);
			path = home;
			sourceTree = "<group>";
		};
		B646323F257FB5DF004E5AE3 /* constants */ = {
			isa = PBXGroup;
			children = (
				B6463243257FB6A9004E5AE3 /* API.swift */,
				B6463249257FB980004E5AE3 /* DESIGN.swift */,
				B67E36C22591613000C8E34D /* ComponentTypes.swift */,
				B6292FEB2592935C0084B36B /* ErrorTypes.swift */,
			);
			path = constants;
			sourceTree = "<group>";
		};
		B668B70525BF0FE8007FFF18 /* calendar */ = {
			isa = PBXGroup;
			children = (
				B668B70C25BF1754007FFF18 /* calendarComponents */,
				B668B70625BF101B007FFF18 /* CalendarView.swift */,
				B668B70925BF102D007FFF18 /* CalendarViewModel.swift */,
			);
			path = calendar;
			sourceTree = "<group>";
		};
		B668B70C25BF1754007FFF18 /* calendarComponents */ = {
			isa = PBXGroup;
			children = (
				B617A8B725C2D079005DA790 /* CalendarDetailView.swift */,
				B668B70D25BF1799007FFF18 /* SneakerPreview.swift */,
				B668B71125BF1A55007FFF18 /* CalendarRow.swift */,
			);
			path = calendarComponents;
			sourceTree = "<group>";
		};
		B6834E4F2566C72100EE1C58 = {
			isa = PBXGroup;
			children = (
				B6834E5A2566C72100EE1C58 /* Sneakerverse */,
				B6834E592566C72100EE1C58 /* Products */,
				62A8125104400E15D9CE2E24 /* Pods */,
				DC224659198B879FE60E9B78 /* Frameworks */,
			);
			sourceTree = "<group>";
		};
		B6834E592566C72100EE1C58 /* Products */ = {
			isa = PBXGroup;
			children = (
				B6834E582566C72100EE1C58 /* Sneakerverse.app */,
			);
			name = Products;
			sourceTree = "<group>";
		};
		B6834E5A2566C72100EE1C58 /* Sneakerverse */ = {
			isa = PBXGroup;
			children = (
				B668B70525BF0FE8007FFF18 /* calendar */,
				B6CBEBB825AA75A6006BB753 /* profile */,
				B6B736A9259392D000E5DF18 /* chat */,
				DFAFF08925818A7900FAEC0B /* deals */,
				B646323F257FB5DF004E5AE3 /* constants */,
				B601D322256BD2FC007B58CF /* offerSneaker */,
				B61C39EB256B1F710041C4CE /* home */,
				DF183B0B256AD169006DE246 /* onboarding */,
				DF183B0A256AD159006DE246 /* base */,
				DF183B09256AD132006DE246 /* signup */,
				DF183B08256AD121006DE246 /* login */,
				DF183B0425698496006DE246 /* services */,
				B6834E6D2566C7DF00EE1C58 /* model */,
				B6834E5B2566C72100EE1C58 /* SneakerverseApp.swift */,
				B6834E5D2566C72100EE1C58 /* ContentView.swift */,
				B6834E5F2566C72500EE1C58 /* Assets.xcassets */,
				B6834E642566C72500EE1C58 /* Info.plist */,
				B6834E612566C72500EE1C58 /* Preview Content */,
			);
			path = Sneakerverse;
			sourceTree = "<group>";
		};
		B6834E612566C72500EE1C58 /* Preview Content */ = {
			isa = PBXGroup;
			children = (
				B6834E622566C72500EE1C58 /* Preview Assets.xcassets */,
			);
			path = "Preview Content";
			sourceTree = "<group>";
		};
		B6834E6D2566C7DF00EE1C58 /* model */ = {
			isa = PBXGroup;
			children = (
				B6834E762566C9C700EE1C58 /* User.swift */,
				B69E7D5725B0F5BA0083C27E /* SneakerOffer.swift */,
				B64A32692593EC5100FA7A1C /* ChatListResponse.swift */,
				DFB91BDE25A64CA20000EB07 /* SneakerDealsResponse.swift */,
				B6CBEBC325AA769A006BB753 /* ProfileResponse.swift */,
				DFEEC29A25B9FA8C00B70AF3 /* StartChatResponse.swift */,
				B67FE1B925C01E4D00692248 /* CalendarResponse.swift */,
			);
			path = model;
			sourceTree = "<group>";
		};
		B6A6725525A703A400A72A13 /* imagePicker */ = {
			isa = PBXGroup;
			children = (
				B6A6725225A7002C00A72A13 /* CustomImagePicker.swift */,
				B6A6724F25A6FEF200A72A13 /* ImagePreview.swift */,
				B6F8505D25A6582600131AFC /* ImageSilder.swift */,
			);
			path = imagePicker;
			sourceTree = "<group>";
		};
		B6B736A9259392D000E5DF18 /* chat */ = {
			isa = PBXGroup;
			children = (
				B6F8504E25A64A6500131AFC /* chatListView */,
				B6F8504C25A64A0C00131AFC /* chatView */,
				B6B736AE2593948B00E5DF18 /* chatComponents */,
			);
			path = chat;
			sourceTree = "<group>";
		};
		B6B736AE2593948B00E5DF18 /* chatComponents */ = {
			isa = PBXGroup;
			children = (
				B64A325C2593D97A00FA7A1C /* ChatMessageView.swift */,
				B64A32602593DBB100FA7A1C /* UserMessageView.swift */,
				B64A326C2593F73800FA7A1C /* ChatRow.swift */,
			);
			path = chatComponents;
			sourceTree = "<group>";
		};
		B6CBEBB825AA75A6006BB753 /* profile */ = {
			isa = PBXGroup;
			children = (
				B6CFA58E25AF824200DD767D /* ratingView */,
				B6CFA58925AF729200DD767D /* profileComponents */,
				B6CBEBB925AA7608006BB753 /* ProfileView.swift */,
				B6CBEBBD25AA7625006BB753 /* ProfileViewModel.swift */,
				B6DCABE025B0466C0075C5D2 /* ProfileDetailView.swift */,
			);
			path = profile;
			sourceTree = "<group>";
		};
		B6CFA58925AF729200DD767D /* profileComponents */ = {
			isa = PBXGroup;
			children = (
				B6CFA58A25AF72D800DD767D /* RatingBar.swift */,
				B6DCABE325B04BE80075C5D2 /* UserRating.swift */,
			);
			path = profileComponents;
			sourceTree = "<group>";
		};
		B6CFA58E25AF824200DD767D /* ratingView */ = {
			isa = PBXGroup;
			children = (
				B6CFA58F25AF825C00DD767D /* RatingView.swift */,
				B62CFED825C4186B00AC7A41 /* CreateRatingView.swift */,
				B62CFEDB25C425C200AC7A41 /* CreateRatingViewModel.swift */,
			);
			path = ratingView;
			sourceTree = "<group>";
		};
		B6F8504C25A64A0C00131AFC /* chatView */ = {
			isa = PBXGroup;
			children = (
				B6B736AA2593930200E5DF18 /* ChatView.swift */,
				B64A32632593E26C00FA7A1C /* ChatViewModel.swift */,
			);
			path = chatView;
			sourceTree = "<group>";
		};
		B6F8504E25A64A6500131AFC /* chatListView */ = {
			isa = PBXGroup;
			children = (
				B64A326F2593F98900FA7A1C /* ChatListView.swift */,
				B64A32722593FB7300FA7A1C /* ChatListViewModel.swift */,
			);
			path = chatListView;
			sourceTree = "<group>";
		};
		B6F8505C25A656DF00131AFC /* offerComponents */ = {
			isa = PBXGroup;
			children = (
				B601D32A256BD9C4007B58CF /* SneakerDataPicker.swift */,
			);
			path = offerComponents;
			sourceTree = "<group>";
		};
		DC224659198B879FE60E9B78 /* Frameworks */ = {
			isa = PBXGroup;
			children = (
				A3D0BA69ACB4796F9853E934 /* Pods_Sneakerverse.framework */,
			);
			name = Frameworks;
			sourceTree = "<group>";
		};
		DF183B0425698496006DE246 /* services */ = {
			isa = PBXGroup;
			children = (
				DF183B05256984A7006DE246 /* UserService.swift */,
				DF183B0D256AE8ED006DE246 /* Response.swift */,
				B68F8682256FF98E00793819 /* SneakerService.swift */,
				B64A32662593EBA700FA7A1C /* ChatService.swift */,
				B6CBEBC025AA766C006BB753 /* ProfileService.swift */,
				B68FD98225C14F6400901451 /* CalendarService.swift */,
			);
			path = services;
			sourceTree = "<group>";
		};
		DF183B08256AD121006DE246 /* login */ = {
			isa = PBXGroup;
			children = (
				B6834E6F2566C84500EE1C58 /* LoginView.swift */,
				B6834E722566C98E00EE1C58 /* LoginViewModel.swift */,
			);
			path = login;
			sourceTree = "<group>";
		};
		DF183B09256AD132006DE246 /* signup */ = {
			isa = PBXGroup;
			children = (
				DF5F94472566E0E800CF7C52 /* SignUpView.swift */,
				DF5F944D2567345900CF7C52 /* SignUpViewModel.swift */,
			);
			path = signup;
			sourceTree = "<group>";
		};
		DF183B0A256AD159006DE246 /* base */ = {
			isa = PBXGroup;
			children = (
				DF61AD6725A9AAAC00F198B8 /* map */,
				DF5F94422566DCAC00CF7C52 /* viewObjects */,
			);
			path = base;
			sourceTree = "<group>";
		};
		DF183B0B256AD169006DE246 /* onboarding */ = {
			isa = PBXGroup;
			children = (
				DF5F944A2566E1EF00CF7C52 /* OnboardingView.swift */,
			);
			path = onboarding;
			sourceTree = "<group>";
		};
		DF5F94422566DCAC00CF7C52 /* viewObjects */ = {
			isa = PBXGroup;
			children = (
				B6A6725525A703A400A72A13 /* imagePicker */,
				DF5F94432566DCC700CF7C52 /* ViewObjects.swift */,
				DF5F94532567354200CF7C52 /* OnboardingGallery.swift */,
				B697AD7C25817B6D00947710 /* PopUpView.swift */,
				DF48D52825A7D21A00116688 /* DetailGallerySlideView.swift */,
				DF61AD6425A9A95600F198B8 /* OfferMapView.swift */,
				DF61AD7625AA37B500F198B8 /* DetailsMapView.swift */,
			);
			path = viewObjects;
			sourceTree = "<group>";
		};
		DF61AD6725A9AAAC00F198B8 /* map */ = {
			isa = PBXGroup;
			children = (
				DF61AD6825A9AAC900F198B8 /* MapView.swift */,
				DF61AD6C25A9ABB800F198B8 /* MapCoordinator.swift */,
				DF61AD6F25A9BAD900F198B8 /* LocationManager.swift */,
				DF61AD7225A9C66A00F198B8 /* MkCoordinateRegionExtension.swift */,
			);
			path = map;
			sourceTree = "<group>";
		};
		DFAFF08925818A7900FAEC0B /* deals */ = {
			isa = PBXGroup;
			children = (
				DFFD990425A7858600D1C68F /* sneakerOfferDetail */,
				DFAFF08A25818A7900FAEC0B /* overviewListItem */,
				DFAFF08D25818A7900FAEC0B /* DealsOverviewView.swift */,
				DFAFF08E25818A7900FAEC0B /* DealsOverviewViewModel.swift */,
			);
			path = deals;
			sourceTree = "<group>";
		};
		DFAFF08A25818A7900FAEC0B /* overviewListItem */ = {
			isa = PBXGroup;
			children = (
				DFAFF08B25818A7900FAEC0B /* DealsOverviewListItemView.swift */,
				DFAFF08C25818A7900FAEC0B /* DealsOverviewListItemViewModel.swift */,
			);
			path = overviewListItem;
			sourceTree = "<group>";
		};
		DFFD990425A7858600D1C68F /* sneakerOfferDetail */ = {
			isa = PBXGroup;
			children = (
				DFFD990525A7889800D1C68F /* SneakerOfferDetailViewModel.swift */,
				DFFD990925A788AC00D1C68F /* SneakerOfferDetailView.swift */,
			);
			path = sneakerOfferDetail;
			sourceTree = "<group>";
		};
/* End PBXGroup section */

/* Begin PBXNativeTarget section */
		B6834E572566C72100EE1C58 /* Sneakerverse */ = {
			isa = PBXNativeTarget;
			buildConfigurationList = B6834E672566C72500EE1C58 /* Build configuration list for PBXNativeTarget "Sneakerverse" */;
			buildPhases = (
				AEFA36D39984465BD9977D60 /* [CP] Check Pods Manifest.lock */,
				B6834E542566C72100EE1C58 /* Sources */,
				B6834E552566C72100EE1C58 /* Frameworks */,
				B6834E562566C72100EE1C58 /* Resources */,
				809B5E8BFA9A7D2290AD4640 /* [CP] Embed Pods Frameworks */,
			);
			buildRules = (
			);
			dependencies = (
			);
			name = Sneakerverse;
			productName = Sneakerverse;
			productReference = B6834E582566C72100EE1C58 /* Sneakerverse.app */;
			productType = "com.apple.product-type.application";
		};
/* End PBXNativeTarget section */

/* Begin PBXProject section */
		B6834E502566C72100EE1C58 /* Project object */ = {
			isa = PBXProject;
			attributes = {
				LastSwiftUpdateCheck = 1200;
				LastUpgradeCheck = 1200;
				TargetAttributes = {
					B6834E572566C72100EE1C58 = {
						CreatedOnToolsVersion = 12.0.1;
					};
				};
			};
			buildConfigurationList = B6834E532566C72100EE1C58 /* Build configuration list for PBXProject "Sneakerverse" */;
			compatibilityVersion = "Xcode 9.3";
			developmentRegion = en;
			hasScannedForEncodings = 0;
			knownRegions = (
				en,
				Base,
			);
			mainGroup = B6834E4F2566C72100EE1C58;
			productRefGroup = B6834E592566C72100EE1C58 /* Products */;
			projectDirPath = "";
			projectRoot = "";
			targets = (
				B6834E572566C72100EE1C58 /* Sneakerverse */,
			);
		};
/* End PBXProject section */

/* Begin PBXResourcesBuildPhase section */
		B6834E562566C72100EE1C58 /* Resources */ = {
			isa = PBXResourcesBuildPhase;
			buildActionMask = 2147483647;
			files = (
				B6834E632566C72500EE1C58 /* Preview Assets.xcassets in Resources */,
				B6834E602566C72500EE1C58 /* Assets.xcassets in Resources */,
			);
			runOnlyForDeploymentPostprocessing = 0;
		};
/* End PBXResourcesBuildPhase section */

/* Begin PBXShellScriptBuildPhase section */
		809B5E8BFA9A7D2290AD4640 /* [CP] Embed Pods Frameworks */ = {
			isa = PBXShellScriptBuildPhase;
			buildActionMask = 2147483647;
			files = (
			);
			inputFileListPaths = (
				"${PODS_ROOT}/Target Support Files/Pods-Sneakerverse/Pods-Sneakerverse-frameworks-${CONFIGURATION}-input-files.xcfilelist",
			);
			name = "[CP] Embed Pods Frameworks";
			outputFileListPaths = (
				"${PODS_ROOT}/Target Support Files/Pods-Sneakerverse/Pods-Sneakerverse-frameworks-${CONFIGURATION}-output-files.xcfilelist",
			);
			runOnlyForDeploymentPostprocessing = 0;
			shellPath = /bin/sh;
			shellScript = "\"${PODS_ROOT}/Target Support Files/Pods-Sneakerverse/Pods-Sneakerverse-frameworks.sh\"\n";
			showEnvVarsInLog = 0;
		};
		AEFA36D39984465BD9977D60 /* [CP] Check Pods Manifest.lock */ = {
			isa = PBXShellScriptBuildPhase;
			buildActionMask = 2147483647;
			files = (
			);
			inputFileListPaths = (
			);
			inputPaths = (
				"${PODS_PODFILE_DIR_PATH}/Podfile.lock",
				"${PODS_ROOT}/Manifest.lock",
			);
			name = "[CP] Check Pods Manifest.lock";
			outputFileListPaths = (
			);
			outputPaths = (
				"$(DERIVED_FILE_DIR)/Pods-Sneakerverse-checkManifestLockResult.txt",
			);
			runOnlyForDeploymentPostprocessing = 0;
			shellPath = /bin/sh;
			shellScript = "diff \"${PODS_PODFILE_DIR_PATH}/Podfile.lock\" \"${PODS_ROOT}/Manifest.lock\" > /dev/null\nif [ $? != 0 ] ; then\n    # print error to STDERR\n    echo \"error: The sandbox is not in sync with the Podfile.lock. Run 'pod install' or update your CocoaPods installation.\" >&2\n    exit 1\nfi\n# This output is used by Xcode 'outputs' to avoid re-running this script phase.\necho \"SUCCESS\" > \"${SCRIPT_OUTPUT_FILE_0}\"\n";
			showEnvVarsInLog = 0;
		};
/* End PBXShellScriptBuildPhase section */

/* Begin PBXSourcesBuildPhase section */
		B6834E542566C72100EE1C58 /* Sources */ = {
			isa = PBXSourcesBuildPhase;
			buildActionMask = 2147483647;
			files = (
				DF48D52925A7D21A00116688 /* DetailGallerySlideView.swift in Sources */,
				B62CFED925C4186B00AC7A41 /* CreateRatingView.swift in Sources */,
				B6834E732566C98E00EE1C58 /* LoginViewModel.swift in Sources */,
				B69E7D5825B0F5BA0083C27E /* SneakerOffer.swift in Sources */,
				B6CBEBBA25AA7608006BB753 /* ProfileView.swift in Sources */,
				B61C39ED256B1F8C0041C4CE /* HomeView.swift in Sources */,
				B6DCABE425B04BE80075C5D2 /* UserRating.swift in Sources */,
				B6CFA59025AF825C00DD767D /* RatingView.swift in Sources */,
				B6834E702566C84500EE1C58 /* LoginView.swift in Sources */,
				B6CFA58B25AF72D800DD767D /* RatingBar.swift in Sources */,
				DFAFF09025818A7900FAEC0B /* DealsOverviewListItemViewModel.swift in Sources */,
				B6B736AB2593930200E5DF18 /* ChatView.swift in Sources */,
				B6292FEC2592935C0084B36B /* ErrorTypes.swift in Sources */,
				B64A32732593FB7300FA7A1C /* ChatListViewModel.swift in Sources */,
				B62CFEDC25C425C200AC7A41 /* CreateRatingViewModel.swift in Sources */,
				B64A32642593E26C00FA7A1C /* ChatViewModel.swift in Sources */,
				DFFD990A25A788AC00D1C68F /* SneakerOfferDetailView.swift in Sources */,
				DFB91BDF25A64CA20000EB07 /* SneakerDealsResponse.swift in Sources */,
				B6834E5E2566C72100EE1C58 /* ContentView.swift in Sources */,
				DFAFF09125818A7900FAEC0B /* DealsOverviewView.swift in Sources */,
				B6A6725025A6FEF200A72A13 /* ImagePreview.swift in Sources */,
				DF61AD6D25A9ABB800F198B8 /* MapCoordinator.swift in Sources */,
				B6D9F066259E1EE7002FA5DB /* HomeViewModel.swift in Sources */,
				DFEEC29B25B9FA8C00B70AF3 /* StartChatResponse.swift in Sources */,
				B601D32B256BD9C4007B58CF /* SneakerDataPicker.swift in Sources */,
				B6CBEBBE25AA7625006BB753 /* ProfileViewModel.swift in Sources */,
				DF5F94482566E0E800CF7C52 /* SignUpView.swift in Sources */,
				B6A6725325A7002C00A72A13 /* CustomImagePicker.swift in Sources */,
				B67FE1BA25C01E4D00692248 /* CalendarResponse.swift in Sources */,
				DF61AD7325A9C66A00F198B8 /* MkCoordinateRegionExtension.swift in Sources */,
				DF61AD7025A9BAD900F198B8 /* LocationManager.swift in Sources */,
				DF5F94542567354200CF7C52 /* OnboardingGallery.swift in Sources */,
				DF5F944E2567345900CF7C52 /* SignUpViewModel.swift in Sources */,
				DF183B0E256AE8ED006DE246 /* Response.swift in Sources */,
				B64A32612593DBB100FA7A1C /* UserMessageView.swift in Sources */,
				DF5F94442566DCC700CF7C52 /* ViewObjects.swift in Sources */,
				B668B70A25BF102D007FFF18 /* CalendarViewModel.swift in Sources */,
				B6F8505E25A6582700131AFC /* ImageSilder.swift in Sources */,
				B697AD7D25817B6D00947710 /* PopUpView.swift in Sources */,
				DF61AD6525A9A95600F198B8 /* OfferMapView.swift in Sources */,
				B68F8683256FF98E00793819 /* SneakerService.swift in Sources */,
				B6DCABE125B0466C0075C5D2 /* ProfileDetailView.swift in Sources */,
				B68F8679256FABB100793819 /* OfferSneakerViewModel.swift in Sources */,
				DF61AD6925A9AAC900F198B8 /* MapView.swift in Sources */,
				DF183B06256984A7006DE246 /* UserService.swift in Sources */,
				B6CBEBC125AA766C006BB753 /* ProfileService.swift in Sources */,
				DFAFF08F25818A7900FAEC0B /* DealsOverviewListItemView.swift in Sources */,
				B6463244257FB6A9004E5AE3 /* API.swift in Sources */,
				B668B71225BF1A55007FFF18 /* CalendarRow.swift in Sources */,
				B64A325D2593D97A00FA7A1C /* ChatMessageView.swift in Sources */,
				B646324A257FB980004E5AE3 /* DESIGN.swift in Sources */,
				DF61AD7725AA37B500F198B8 /* DetailsMapView.swift in Sources */,
				DF5F944B2566E1EF00CF7C52 /* OnboardingView.swift in Sources */,
				B6CBEBC425AA769A006BB753 /* ProfileResponse.swift in Sources */,
				B67E36C32591613000C8E34D /* ComponentTypes.swift in Sources */,
				B617A8B825C2D079005DA790 /* CalendarDetailView.swift in Sources */,
				B668B70725BF101B007FFF18 /* CalendarView.swift in Sources */,
				B601D324256BD33A007B58CF /* OfferSneakerView.swift in Sources */,
				B6834E772566C9C700EE1C58 /* User.swift in Sources */,
				B668B70E25BF1799007FFF18 /* SneakerPreview.swift in Sources */,
				B64A326A2593EC5100FA7A1C /* ChatListResponse.swift in Sources */,
				B68FD98325C14F6400901451 /* CalendarService.swift in Sources */,
				DFFD990625A7889800D1C68F /* SneakerOfferDetailViewModel.swift in Sources */,
				B64A32672593EBA700FA7A1C /* ChatService.swift in Sources */,
				B64A32702593F98900FA7A1C /* ChatListView.swift in Sources */,
				B6834E5C2566C72100EE1C58 /* SneakerverseApp.swift in Sources */,
				B64A326D2593F73800FA7A1C /* ChatRow.swift in Sources */,
				DFAFF09225818A7900FAEC0B /* DealsOverviewViewModel.swift in Sources */,
			);
			runOnlyForDeploymentPostprocessing = 0;
		};
/* End PBXSourcesBuildPhase section */

/* Begin XCBuildConfiguration section */
		B6834E652566C72500EE1C58 /* Debug */ = {
			isa = XCBuildConfiguration;
			buildSettings = {
				ALWAYS_SEARCH_USER_PATHS = NO;
				CLANG_ANALYZER_NONNULL = YES;
				CLANG_ANALYZER_NUMBER_OBJECT_CONVERSION = YES_AGGRESSIVE;
				CLANG_CXX_LANGUAGE_STANDARD = "gnu++14";
				CLANG_CXX_LIBRARY = "libc++";
				CLANG_ENABLE_MODULES = YES;
				CLANG_ENABLE_OBJC_ARC = YES;
				CLANG_ENABLE_OBJC_WEAK = YES;
				CLANG_WARN_BLOCK_CAPTURE_AUTORELEASING = YES;
				CLANG_WARN_BOOL_CONVERSION = YES;
				CLANG_WARN_COMMA = YES;
				CLANG_WARN_CONSTANT_CONVERSION = YES;
				CLANG_WARN_DEPRECATED_OBJC_IMPLEMENTATIONS = YES;
				CLANG_WARN_DIRECT_OBJC_ISA_USAGE = YES_ERROR;
				CLANG_WARN_DOCUMENTATION_COMMENTS = YES;
				CLANG_WARN_EMPTY_BODY = YES;
				CLANG_WARN_ENUM_CONVERSION = YES;
				CLANG_WARN_INFINITE_RECURSION = YES;
				CLANG_WARN_INT_CONVERSION = YES;
				CLANG_WARN_NON_LITERAL_NULL_CONVERSION = YES;
				CLANG_WARN_OBJC_IMPLICIT_RETAIN_SELF = YES;
				CLANG_WARN_OBJC_LITERAL_CONVERSION = YES;
				CLANG_WARN_OBJC_ROOT_CLASS = YES_ERROR;
				CLANG_WARN_QUOTED_INCLUDE_IN_FRAMEWORK_HEADER = YES;
				CLANG_WARN_RANGE_LOOP_ANALYSIS = YES;
				CLANG_WARN_STRICT_PROTOTYPES = YES;
				CLANG_WARN_SUSPICIOUS_MOVE = YES;
				CLANG_WARN_UNGUARDED_AVAILABILITY = YES_AGGRESSIVE;
				CLANG_WARN_UNREACHABLE_CODE = YES;
				CLANG_WARN__DUPLICATE_METHOD_MATCH = YES;
				COPY_PHASE_STRIP = NO;
				DEBUG_INFORMATION_FORMAT = dwarf;
				ENABLE_STRICT_OBJC_MSGSEND = YES;
				ENABLE_TESTABILITY = YES;
				GCC_C_LANGUAGE_STANDARD = gnu11;
				GCC_DYNAMIC_NO_PIC = NO;
				GCC_NO_COMMON_BLOCKS = YES;
				GCC_OPTIMIZATION_LEVEL = 0;
				GCC_PREPROCESSOR_DEFINITIONS = (
					"DEBUG=1",
					"$(inherited)",
				);
				GCC_WARN_64_TO_32_BIT_CONVERSION = YES;
				GCC_WARN_ABOUT_RETURN_TYPE = YES_ERROR;
				GCC_WARN_UNDECLARED_SELECTOR = YES;
				GCC_WARN_UNINITIALIZED_AUTOS = YES_AGGRESSIVE;
				GCC_WARN_UNUSED_FUNCTION = YES;
				GCC_WARN_UNUSED_VARIABLE = YES;
				IPHONEOS_DEPLOYMENT_TARGET = 14.0;
				MTL_ENABLE_DEBUG_INFO = INCLUDE_SOURCE;
				MTL_FAST_MATH = YES;
				ONLY_ACTIVE_ARCH = YES;
				SDKROOT = iphoneos;
				SWIFT_ACTIVE_COMPILATION_CONDITIONS = DEBUG;
				SWIFT_OPTIMIZATION_LEVEL = "-Onone";
			};
			name = Debug;
		};
		B6834E662566C72500EE1C58 /* Release */ = {
			isa = XCBuildConfiguration;
			buildSettings = {
				ALWAYS_SEARCH_USER_PATHS = NO;
				CLANG_ANALYZER_NONNULL = YES;
				CLANG_ANALYZER_NUMBER_OBJECT_CONVERSION = YES_AGGRESSIVE;
				CLANG_CXX_LANGUAGE_STANDARD = "gnu++14";
				CLANG_CXX_LIBRARY = "libc++";
				CLANG_ENABLE_MODULES = YES;
				CLANG_ENABLE_OBJC_ARC = YES;
				CLANG_ENABLE_OBJC_WEAK = YES;
				CLANG_WARN_BLOCK_CAPTURE_AUTORELEASING = YES;
				CLANG_WARN_BOOL_CONVERSION = YES;
				CLANG_WARN_COMMA = YES;
				CLANG_WARN_CONSTANT_CONVERSION = YES;
				CLANG_WARN_DEPRECATED_OBJC_IMPLEMENTATIONS = YES;
				CLANG_WARN_DIRECT_OBJC_ISA_USAGE = YES_ERROR;
				CLANG_WARN_DOCUMENTATION_COMMENTS = YES;
				CLANG_WARN_EMPTY_BODY = YES;
				CLANG_WARN_ENUM_CONVERSION = YES;
				CLANG_WARN_INFINITE_RECURSION = YES;
				CLANG_WARN_INT_CONVERSION = YES;
				CLANG_WARN_NON_LITERAL_NULL_CONVERSION = YES;
				CLANG_WARN_OBJC_IMPLICIT_RETAIN_SELF = YES;
				CLANG_WARN_OBJC_LITERAL_CONVERSION = YES;
				CLANG_WARN_OBJC_ROOT_CLASS = YES_ERROR;
				CLANG_WARN_QUOTED_INCLUDE_IN_FRAMEWORK_HEADER = YES;
				CLANG_WARN_RANGE_LOOP_ANALYSIS = YES;
				CLANG_WARN_STRICT_PROTOTYPES = YES;
				CLANG_WARN_SUSPICIOUS_MOVE = YES;
				CLANG_WARN_UNGUARDED_AVAILABILITY = YES_AGGRESSIVE;
				CLANG_WARN_UNREACHABLE_CODE = YES;
				CLANG_WARN__DUPLICATE_METHOD_MATCH = YES;
				COPY_PHASE_STRIP = NO;
				DEBUG_INFORMATION_FORMAT = "dwarf-with-dsym";
				ENABLE_NS_ASSERTIONS = NO;
				ENABLE_STRICT_OBJC_MSGSEND = YES;
				GCC_C_LANGUAGE_STANDARD = gnu11;
				GCC_NO_COMMON_BLOCKS = YES;
				GCC_WARN_64_TO_32_BIT_CONVERSION = YES;
				GCC_WARN_ABOUT_RETURN_TYPE = YES_ERROR;
				GCC_WARN_UNDECLARED_SELECTOR = YES;
				GCC_WARN_UNINITIALIZED_AUTOS = YES_AGGRESSIVE;
				GCC_WARN_UNUSED_FUNCTION = YES;
				GCC_WARN_UNUSED_VARIABLE = YES;
				IPHONEOS_DEPLOYMENT_TARGET = 14.0;
				MTL_ENABLE_DEBUG_INFO = NO;
				MTL_FAST_MATH = YES;
				SDKROOT = iphoneos;
				SWIFT_COMPILATION_MODE = wholemodule;
				SWIFT_OPTIMIZATION_LEVEL = "-O";
				VALIDATE_PRODUCT = YES;
			};
			name = Release;
		};
		B6834E682566C72500EE1C58 /* Debug */ = {
			isa = XCBuildConfiguration;
			baseConfigurationReference = DC0DFD48700A6F9E44AD4636 /* Pods-Sneakerverse.debug.xcconfig */;
			buildSettings = {
				ASSETCATALOG_COMPILER_APPICON_NAME = AppIcon;
				ASSETCATALOG_COMPILER_GLOBAL_ACCENT_COLOR_NAME = AccentColor;
				CODE_SIGN_STYLE = Automatic;
				DEVELOPMENT_ASSET_PATHS = "\"Sneakerverse/Preview Content\"";
				ENABLE_PREVIEWS = YES;
				INFOPLIST_FILE = Sneakerverse/Info.plist;
				IPHONEOS_DEPLOYMENT_TARGET = 14.0;
				LD_RUNPATH_SEARCH_PATHS = (
					"$(inherited)",
					"@executable_path/Frameworks",
				);
				PRODUCT_BUNDLE_IDENTIFIER = sneakerverse.Sneakerverse;
				PRODUCT_NAME = "$(TARGET_NAME)";
				SWIFT_VERSION = 5.0;
				TARGETED_DEVICE_FAMILY = "1,2";
			};
			name = Debug;
		};
		B6834E692566C72500EE1C58 /* Release */ = {
			isa = XCBuildConfiguration;
			baseConfigurationReference = 5A76635A0F0DD84DF206A404 /* Pods-Sneakerverse.release.xcconfig */;
			buildSettings = {
				ASSETCATALOG_COMPILER_APPICON_NAME = AppIcon;
				ASSETCATALOG_COMPILER_GLOBAL_ACCENT_COLOR_NAME = AccentColor;
				CODE_SIGN_STYLE = Automatic;
				DEVELOPMENT_ASSET_PATHS = "\"Sneakerverse/Preview Content\"";
				ENABLE_PREVIEWS = YES;
				INFOPLIST_FILE = Sneakerverse/Info.plist;
				IPHONEOS_DEPLOYMENT_TARGET = 14.0;
				LD_RUNPATH_SEARCH_PATHS = (
					"$(inherited)",
					"@executable_path/Frameworks",
				);
				PRODUCT_BUNDLE_IDENTIFIER = sneakerverse.Sneakerverse;
				PRODUCT_NAME = "$(TARGET_NAME)";
				SWIFT_VERSION = 5.0;
				TARGETED_DEVICE_FAMILY = "1,2";
			};
			name = Release;
		};
/* End XCBuildConfiguration section */

/* Begin XCConfigurationList section */
		B6834E532566C72100EE1C58 /* Build configuration list for PBXProject "Sneakerverse" */ = {
			isa = XCConfigurationList;
			buildConfigurations = (
				B6834E652566C72500EE1C58 /* Debug */,
				B6834E662566C72500EE1C58 /* Release */,
			);
			defaultConfigurationIsVisible = 0;
			defaultConfigurationName = Release;
		};
		B6834E672566C72500EE1C58 /* Build configuration list for PBXNativeTarget "Sneakerverse" */ = {
			isa = XCConfigurationList;
			buildConfigurations = (
				B6834E682566C72500EE1C58 /* Debug */,
				B6834E692566C72500EE1C58 /* Release */,
			);
			defaultConfigurationIsVisible = 0;
			defaultConfigurationName = Release;
		};
/* End XCConfigurationList section */
	};
	rootObject = B6834E502566C72100EE1C58 /* Project object */;
}
